
Microsoft Visual Studio Solution File, Format Version 12.00
# Visual Studio Version 16
VisualStudioVersion = 16.0.31313.79
MinimumVisualStudioVersion = 10.0.40219.1
Project("{FAE04EC0-301F-11D3-BF4B-00C04F79EFBC}") = "T03 3", "T03 3.csproj", "{9DA8DC57-74F6-41AD-8E38-A45B67862FA6}"
EndProject
Global
	GlobalSection(SolutionConfigurationPlatforms) = preSolution
		Debug|Any CPU = Debug|Any CPU
		Release|Any CPU = Release|Any CPU
	EndGlobalSection
	GlobalSection(ProjectConfigurationPlatforms) = postSolution
		{9DA8DC57-74F6-41AD-8E38-A45B67862FA6}.Debug|Any CPU.ActiveCfg = Debug|Any CPU
		{9DA8DC57-74F6-41AD-8E38-A45B67862FA6}.Debug|Any CPU.Build.0 = Debug|Any CPU
		{9DA8DC57-74F6-41AD-8E38-A45B67862FA6}.Release|Any CPU.ActiveCfg = Release|Any CPU
		{9DA8DC57-74F6-41AD-8E38-A45B67862FA6}.Release|Any CPU.Build.0 = Release|Any CPU
	EndGlobalSection
	GlobalSection(SolutionProperties) = preSolution
		HideSolutionNode = FALSE
	EndGlobalSection
	GlobalSection(ExtensibilityGlobals) = postSolution
		SolutionGuid = {39007077-591B-4582-878B-7D15C6D8F6F9}
	EndGlobalSection
EndGlobal
